// !$*UTF8*$!
{
	archiveVersion = 1;
	classes = {
	};
	objectVersion = 51;
	objects = {

/* Begin PBXBuildFile section */
		4F368A0224B02C9F005B83FC /* AppDelegate.swift in Sources */ = {isa = PBXBuildFile; fileRef = 4F368A0124B02C9F005B83FC /* AppDelegate.swift */; };
		4F368A0424B02C9F005B83FC /* SceneDelegate.swift in Sources */ = {isa = PBXBuildFile; fileRef = 4F368A0324B02C9F005B83FC /* SceneDelegate.swift */; };
		4F368A0624B02C9F005B83FC /* TrendsViewController.swift in Sources */ = {isa = PBXBuildFile; fileRef = 4F368A0524B02C9F005B83FC /* TrendsViewController.swift */; };
		4F368A0824B02C9F005B83FC /* NotificationViewController.swift in Sources */ = {isa = PBXBuildFile; fileRef = 4F368A0724B02C9F005B83FC /* NotificationViewController.swift */; };
		4F368A0B24B02C9F005B83FC /* Main.storyboard in Resources */ = {isa = PBXBuildFile; fileRef = 4F368A0924B02C9F005B83FC /* Main.storyboard */; };
		4F368A0D24B02CA3005B83FC /* Assets.xcassets in Resources */ = {isa = PBXBuildFile; fileRef = 4F368A0C24B02CA3005B83FC /* Assets.xcassets */; };
		4F368A1024B02CA3005B83FC /* LaunchScreen.storyboard in Resources */ = {isa = PBXBuildFile; fileRef = 4F368A0E24B02CA3005B83FC /* LaunchScreen.storyboard */; };
		4F368A1B24B02CA4005B83FC /* HibikiTests.swift in Sources */ = {isa = PBXBuildFile; fileRef = 4F368A1A24B02CA4005B83FC /* HibikiTests.swift */; };
		4F368A2624B02CA4005B83FC /* HibikiUITests.swift in Sources */ = {isa = PBXBuildFile; fileRef = 4F368A2524B02CA4005B83FC /* HibikiUITests.swift */; };
		4F368A3524B02D83005B83FC /* FeedViewController.swift in Sources */ = {isa = PBXBuildFile; fileRef = 4F368A3424B02D82005B83FC /* FeedViewController.swift */; };
		4F368A3724B02D9F005B83FC /* MessagesViewController.swift in Sources */ = {isa = PBXBuildFile; fileRef = 4F368A3624B02D9F005B83FC /* MessagesViewController.swift */; };
		4F368A3924B032B4005B83FC /* OnboardingViewController.swift in Sources */ = {isa = PBXBuildFile; fileRef = 4F368A3824B032B4005B83FC /* OnboardingViewController.swift */; };
		4F368A3B24B032DB005B83FC /* Onboarding.storyboard in Resources */ = {isa = PBXBuildFile; fileRef = 4F368A3A24B032DB005B83FC /* Onboarding.storyboard */; };
		4F368A3D24B03F07005B83FC /* GoogleService-Info.plist in Resources */ = {isa = PBXBuildFile; fileRef = 4F368A3C24B03F07005B83FC /* GoogleService-Info.plist */; };
		4F368A4024B0400F005B83FC /* Repository.swift in Sources */ = {isa = PBXBuildFile; fileRef = 4F368A3F24B0400F005B83FC /* Repository.swift */; };
		8919CAEC324AB0FC9D7C83B5 /* Pods_Hibiki.framework in Frameworks */ = {isa = PBXBuildFile; fileRef = 929CF9363F2666B0DD6AFCE2 /* Pods_Hibiki.framework */; };
		A764955972A22B9008B9743E /* Pods_Hibiki_HibikiUITests.framework in Frameworks */ = {isa = PBXBuildFile; fileRef = 5F121ED08F6C1E8D0362E312 /* Pods_Hibiki_HibikiUITests.framework */; };
		FAD7D8FC17C768E815BA1C3F /* Pods_HibikiTests.framework in Frameworks */ = {isa = PBXBuildFile; fileRef = BD211773B75AF5F048E0DB07 /* Pods_HibikiTests.framework */; };
/* End PBXBuildFile section */

/* Begin PBXContainerItemProxy section */
		4F368A1724B02CA4005B83FC /* PBXContainerItemProxy */ = {
			isa = PBXContainerItemProxy;
			containerPortal = 4F3689F624B02C9F005B83FC /* Project object */;
			proxyType = 1;
			remoteGlobalIDString = 4F3689FD24B02C9F005B83FC;
			remoteInfo = Hibiki;
		};
		4F368A2224B02CA4005B83FC /* PBXContainerItemProxy */ = {
			isa = PBXContainerItemProxy;
			containerPortal = 4F3689F624B02C9F005B83FC /* Project object */;
			proxyType = 1;
			remoteGlobalIDString = 4F3689FD24B02C9F005B83FC;
			remoteInfo = Hibiki;
		};
/* End PBXContainerItemProxy section */

/* Begin PBXFileReference section */
		05697C006BBF33CE0733BA62 /* Pods-HibikiTests.release.xcconfig */ = {isa = PBXFileReference; includeInIndex = 1; lastKnownFileType = text.xcconfig; name = "Pods-HibikiTests.release.xcconfig"; path = "Target Support Files/Pods-HibikiTests/Pods-HibikiTests.release.xcconfig"; sourceTree = "<group>"; };
		13C342FC812F21254488DBFF /* Pods-Hibiki-HibikiUITests.release.xcconfig */ = {isa = PBXFileReference; includeInIndex = 1; lastKnownFileType = text.xcconfig; name = "Pods-Hibiki-HibikiUITests.release.xcconfig"; path = "Target Support Files/Pods-Hibiki-HibikiUITests/Pods-Hibiki-HibikiUITests.release.xcconfig"; sourceTree = "<group>"; };
		4F3689FE24B02C9F005B83FC /* Hibiki.app */ = {isa = PBXFileReference; explicitFileType = wrapper.application; includeInIndex = 0; path = Hibiki.app; sourceTree = BUILT_PRODUCTS_DIR; };
		4F368A0124B02C9F005B83FC /* AppDelegate.swift */ = {isa = PBXFileReference; lastKnownFileType = sourcecode.swift; path = AppDelegate.swift; sourceTree = "<group>"; };
		4F368A0324B02C9F005B83FC /* SceneDelegate.swift */ = {isa = PBXFileReference; lastKnownFileType = sourcecode.swift; path = SceneDelegate.swift; sourceTree = "<group>"; };
		4F368A0524B02C9F005B83FC /* TrendsViewController.swift */ = {isa = PBXFileReference; lastKnownFileType = sourcecode.swift; path = TrendsViewController.swift; sourceTree = "<group>"; };
		4F368A0724B02C9F005B83FC /* NotificationViewController.swift */ = {isa = PBXFileReference; lastKnownFileType = sourcecode.swift; path = NotificationViewController.swift; sourceTree = "<group>"; };
		4F368A0A24B02C9F005B83FC /* Base */ = {isa = PBXFileReference; lastKnownFileType = file.storyboard; name = Base; path = Base.lproj/Main.storyboard; sourceTree = "<group>"; };
		4F368A0C24B02CA3005B83FC /* Assets.xcassets */ = {isa = PBXFileReference; lastKnownFileType = folder.assetcatalog; path = Assets.xcassets; sourceTree = "<group>"; };
		4F368A0F24B02CA3005B83FC /* Base */ = {isa = PBXFileReference; lastKnownFileType = file.storyboard; name = Base; path = Base.lproj/LaunchScreen.storyboard; sourceTree = "<group>"; };
		4F368A1124B02CA3005B83FC /* Info.plist */ = {isa = PBXFileReference; lastKnownFileType = text.plist.xml; path = Info.plist; sourceTree = "<group>"; };
		4F368A1624B02CA4005B83FC /* HibikiTests.xctest */ = {isa = PBXFileReference; explicitFileType = wrapper.cfbundle; includeInIndex = 0; path = HibikiTests.xctest; sourceTree = BUILT_PRODUCTS_DIR; };
		4F368A1A24B02CA4005B83FC /* HibikiTests.swift */ = {isa = PBXFileReference; lastKnownFileType = sourcecode.swift; path = HibikiTests.swift; sourceTree = "<group>"; };
		4F368A1C24B02CA4005B83FC /* Info.plist */ = {isa = PBXFileReference; lastKnownFileType = text.plist.xml; path = Info.plist; sourceTree = "<group>"; };
		4F368A2124B02CA4005B83FC /* HibikiUITests.xctest */ = {isa = PBXFileReference; explicitFileType = wrapper.cfbundle; includeInIndex = 0; path = HibikiUITests.xctest; sourceTree = BUILT_PRODUCTS_DIR; };
		4F368A2524B02CA4005B83FC /* HibikiUITests.swift */ = {isa = PBXFileReference; lastKnownFileType = sourcecode.swift; path = HibikiUITests.swift; sourceTree = "<group>"; };
		4F368A2724B02CA4005B83FC /* Info.plist */ = {isa = PBXFileReference; lastKnownFileType = text.plist.xml; path = Info.plist; sourceTree = "<group>"; };
		4F368A3424B02D82005B83FC /* FeedViewController.swift */ = {isa = PBXFileReference; lastKnownFileType = sourcecode.swift; path = FeedViewController.swift; sourceTree = "<group>"; };
		4F368A3624B02D9F005B83FC /* MessagesViewController.swift */ = {isa = PBXFileReference; lastKnownFileType = sourcecode.swift; path = MessagesViewController.swift; sourceTree = "<group>"; };
		4F368A3824B032B4005B83FC /* OnboardingViewController.swift */ = {isa = PBXFileReference; lastKnownFileType = sourcecode.swift; path = OnboardingViewController.swift; sourceTree = "<group>"; };
		4F368A3A24B032DB005B83FC /* Onboarding.storyboard */ = {isa = PBXFileReference; lastKnownFileType = file.storyboard; path = Onboarding.storyboard; sourceTree = "<group>"; };
		4F368A3C24B03F07005B83FC /* GoogleService-Info.plist */ = {isa = PBXFileReference; fileEncoding = 4; lastKnownFileType = text.plist.xml; name = "GoogleService-Info.plist"; path = "../../../../Downloads/GoogleService-Info.plist"; sourceTree = "<group>"; };
		4F368A3F24B0400F005B83FC /* Repository.swift */ = {isa = PBXFileReference; lastKnownFileType = sourcecode.swift; path = Repository.swift; sourceTree = "<group>"; };
		5F121ED08F6C1E8D0362E312 /* Pods_Hibiki_HibikiUITests.framework */ = {isa = PBXFileReference; explicitFileType = wrapper.framework; includeInIndex = 0; path = Pods_Hibiki_HibikiUITests.framework; sourceTree = BUILT_PRODUCTS_DIR; };
		82F21330FBB03966B3EBDC56 /* Pods-Hibiki-HibikiUITests.debug.xcconfig */ = {isa = PBXFileReference; includeInIndex = 1; lastKnownFileType = text.xcconfig; name = "Pods-Hibiki-HibikiUITests.debug.xcconfig"; path = "Target Support Files/Pods-Hibiki-HibikiUITests/Pods-Hibiki-HibikiUITests.debug.xcconfig"; sourceTree = "<group>"; };
		929CF9363F2666B0DD6AFCE2 /* Pods_Hibiki.framework */ = {isa = PBXFileReference; explicitFileType = wrapper.framework; includeInIndex = 0; path = Pods_Hibiki.framework; sourceTree = BUILT_PRODUCTS_DIR; };
		B364E7CB9FBDBCB91CFB40D8 /* Pods-HibikiTests.debug.xcconfig */ = {isa = PBXFileReference; includeInIndex = 1; lastKnownFileType = text.xcconfig; name = "Pods-HibikiTests.debug.xcconfig"; path = "Target Support Files/Pods-HibikiTests/Pods-HibikiTests.debug.xcconfig"; sourceTree = "<group>"; };
		BD211773B75AF5F048E0DB07 /* Pods_HibikiTests.framework */ = {isa = PBXFileReference; explicitFileType = wrapper.framework; includeInIndex = 0; path = Pods_HibikiTests.framework; sourceTree = BUILT_PRODUCTS_DIR; };
		E2FD2EADE0C20389129F1019 /* Pods-Hibiki.release.xcconfig */ = {isa = PBXFileReference; includeInIndex = 1; lastKnownFileType = text.xcconfig; name = "Pods-Hibiki.release.xcconfig"; path = "Target Support Files/Pods-Hibiki/Pods-Hibiki.release.xcconfig"; sourceTree = "<group>"; };
		FAC84EA52B8E1D3878B25B26 /* Pods-Hibiki.debug.xcconfig */ = {isa = PBXFileReference; includeInIndex = 1; lastKnownFileType = text.xcconfig; name = "Pods-Hibiki.debug.xcconfig"; path = "Target Support Files/Pods-Hibiki/Pods-Hibiki.debug.xcconfig"; sourceTree = "<group>"; };
/* End PBXFileReference section */

/* Begin PBXFrameworksBuildPhase section */
		4F3689FB24B02C9F005B83FC /* Frameworks */ = {
			isa = PBXFrameworksBuildPhase;
			buildActionMask = 2147483647;
			files = (
				8919CAEC324AB0FC9D7C83B5 /* Pods_Hibiki.framework in Frameworks */,
			);
			runOnlyForDeploymentPostprocessing = 0;
		};
		4F368A1324B02CA4005B83FC /* Frameworks */ = {
			isa = PBXFrameworksBuildPhase;
			buildActionMask = 2147483647;
			files = (
				FAD7D8FC17C768E815BA1C3F /* Pods_HibikiTests.framework in Frameworks */,
			);
			runOnlyForDeploymentPostprocessing = 0;
		};
		4F368A1E24B02CA4005B83FC /* Frameworks */ = {
			isa = PBXFrameworksBuildPhase;
			buildActionMask = 2147483647;
			files = (
				A764955972A22B9008B9743E /* Pods_Hibiki_HibikiUITests.framework in Frameworks */,
			);
			runOnlyForDeploymentPostprocessing = 0;
		};
/* End PBXFrameworksBuildPhase section */

/* Begin PBXGroup section */
		4F3689F524B02C9F005B83FC = {
			isa = PBXGroup;
			children = (
				4F368A0024B02C9F005B83FC /* Hibiki */,
				4F368A1924B02CA4005B83FC /* HibikiTests */,
				4F368A2424B02CA4005B83FC /* HibikiUITests */,
				4F3689FF24B02C9F005B83FC /* Products */,
				E791940AA2C32F1EE99A2BE0 /* Pods */,
				899277E8A70C90B61E225302 /* Frameworks */,
			);
			sourceTree = "<group>";
		};
		4F3689FF24B02C9F005B83FC /* Products */ = {
			isa = PBXGroup;
			children = (
				4F3689FE24B02C9F005B83FC /* Hibiki.app */,
				4F368A1624B02CA4005B83FC /* HibikiTests.xctest */,
				4F368A2124B02CA4005B83FC /* HibikiUITests.xctest */,
			);
			name = Products;
			sourceTree = "<group>";
		};
		4F368A0024B02C9F005B83FC /* Hibiki */ = {
			isa = PBXGroup;
			children = (
				4F368A4124B04096005B83FC /* onboarding */,
				4F368A3E24B03FFB005B83FC /* data */,
				4F368A0124B02C9F005B83FC /* AppDelegate.swift */,
				4F368A0324B02C9F005B83FC /* SceneDelegate.swift */,
				4F368A0524B02C9F005B83FC /* TrendsViewController.swift */,
				4F368A0724B02C9F005B83FC /* NotificationViewController.swift */,
				4F368A0924B02C9F005B83FC /* Main.storyboard */,
				4F368A0C24B02CA3005B83FC /* Assets.xcassets */,
				4F368A0E24B02CA3005B83FC /* LaunchScreen.storyboard */,
				4F368A1124B02CA3005B83FC /* Info.plist */,
				4F368A3424B02D82005B83FC /* FeedViewController.swift */,
				4F368A3624B02D9F005B83FC /* MessagesViewController.swift */,
				4F368A3C24B03F07005B83FC /* GoogleService-Info.plist */,
			);
			path = Hibiki;
			sourceTree = "<group>";
		};
		4F368A1924B02CA4005B83FC /* HibikiTests */ = {
			isa = PBXGroup;
			children = (
				4F368A1A24B02CA4005B83FC /* HibikiTests.swift */,
				4F368A1C24B02CA4005B83FC /* Info.plist */,
			);
			path = HibikiTests;
			sourceTree = "<group>";
		};
		4F368A2424B02CA4005B83FC /* HibikiUITests */ = {
			isa = PBXGroup;
			children = (
				4F368A2524B02CA4005B83FC /* HibikiUITests.swift */,
				4F368A2724B02CA4005B83FC /* Info.plist */,
			);
			path = HibikiUITests;
			sourceTree = "<group>";
		};
		4F368A3E24B03FFB005B83FC /* data */ = {
			isa = PBXGroup;
			children = (
				4F368A3F24B0400F005B83FC /* Repository.swift */,
			);
			path = data;
			sourceTree = "<group>";
		};
		4F368A4124B04096005B83FC /* onboarding */ = {
			isa = PBXGroup;
			children = (
				4F368A3824B032B4005B83FC /* OnboardingViewController.swift */,
				4F368A3A24B032DB005B83FC /* Onboarding.storyboard */,
			);
			path = onboarding;
			sourceTree = "<group>";
		};
		899277E8A70C90B61E225302 /* Frameworks */ = {
			isa = PBXGroup;
			children = (
				929CF9363F2666B0DD6AFCE2 /* Pods_Hibiki.framework */,
				5F121ED08F6C1E8D0362E312 /* Pods_Hibiki_HibikiUITests.framework */,
				BD211773B75AF5F048E0DB07 /* Pods_HibikiTests.framework */,
			);
			name = Frameworks;
			sourceTree = "<group>";
		};
		E791940AA2C32F1EE99A2BE0 /* Pods */ = {
			isa = PBXGroup;
			children = (
				FAC84EA52B8E1D3878B25B26 /* Pods-Hibiki.debug.xcconfig */,
				E2FD2EADE0C20389129F1019 /* Pods-Hibiki.release.xcconfig */,
				82F21330FBB03966B3EBDC56 /* Pods-Hibiki-HibikiUITests.debug.xcconfig */,
				13C342FC812F21254488DBFF /* Pods-Hibiki-HibikiUITests.release.xcconfig */,
				B364E7CB9FBDBCB91CFB40D8 /* Pods-HibikiTests.debug.xcconfig */,
				05697C006BBF33CE0733BA62 /* Pods-HibikiTests.release.xcconfig */,
			);
			path = Pods;
			sourceTree = "<group>";
		};
/* End PBXGroup section */

/* Begin PBXNativeTarget section */
		4F3689FD24B02C9F005B83FC /* Hibiki */ = {
			isa = PBXNativeTarget;
			buildConfigurationList = 4F368A2A24B02CA4005B83FC /* Build configuration list for PBXNativeTarget "Hibiki" */;
			buildPhases = (
				E4EA371461E2DEFA1741E9AD /* [CP] Check Pods Manifest.lock */,
				4F3689FA24B02C9F005B83FC /* Sources */,
				4F3689FB24B02C9F005B83FC /* Frameworks */,
				4F3689FC24B02C9F005B83FC /* Resources */,
				E91306D013EA47B7DBD4B5AB /* [CP] Embed Pods Frameworks */,
			);
			buildRules = (
			);
			dependencies = (
			);
			name = Hibiki;
			productName = Hibiki;
			productReference = 4F3689FE24B02C9F005B83FC /* Hibiki.app */;
			productType = "com.apple.product-type.application";
		};
		4F368A1524B02CA4005B83FC /* HibikiTests */ = {
			isa = PBXNativeTarget;
			buildConfigurationList = 4F368A2D24B02CA4005B83FC /* Build configuration list for PBXNativeTarget "HibikiTests" */;
			buildPhases = (
				A353883A44E67BA7F100434F /* [CP] Check Pods Manifest.lock */,
				4F368A1224B02CA4005B83FC /* Sources */,
				4F368A1324B02CA4005B83FC /* Frameworks */,
				4F368A1424B02CA4005B83FC /* Resources */,
			);
			buildRules = (
			);
			dependencies = (
				4F368A1824B02CA4005B83FC /* PBXTargetDependency */,
			);
			name = HibikiTests;
			productName = HibikiTests;
			productReference = 4F368A1624B02CA4005B83FC /* HibikiTests.xctest */;
			productType = "com.apple.product-type.bundle.unit-test";
		};
		4F368A2024B02CA4005B83FC /* HibikiUITests */ = {
			isa = PBXNativeTarget;
			buildConfigurationList = 4F368A3024B02CA4005B83FC /* Build configuration list for PBXNativeTarget "HibikiUITests" */;
			buildPhases = (
				EE9F2C4378FA8ADE2DD2D4C1 /* [CP] Check Pods Manifest.lock */,
				4F368A1D24B02CA4005B83FC /* Sources */,
				4F368A1E24B02CA4005B83FC /* Frameworks */,
				4F368A1F24B02CA4005B83FC /* Resources */,
				F665C1208263BAC5E0E27CA5 /* [CP] Embed Pods Frameworks */,
			);
			buildRules = (
			);
			dependencies = (
				4F368A2324B02CA4005B83FC /* PBXTargetDependency */,
			);
			name = HibikiUITests;
			productName = HibikiUITests;
			productReference = 4F368A2124B02CA4005B83FC /* HibikiUITests.xctest */;
			productType = "com.apple.product-type.bundle.ui-testing";
		};
/* End PBXNativeTarget section */

/* Begin PBXProject section */
		4F3689F624B02C9F005B83FC /* Project object */ = {
			isa = PBXProject;
			attributes = {
				LastSwiftUpdateCheck = 1150;
				LastUpgradeCheck = 1150;
				ORGANIZATIONNAME = Goodpatch;
				TargetAttributes = {
					4F3689FD24B02C9F005B83FC = {
						CreatedOnToolsVersion = 11.5;
					};
					4F368A1524B02CA4005B83FC = {
						CreatedOnToolsVersion = 11.5;
						TestTargetID = 4F3689FD24B02C9F005B83FC;
					};
					4F368A2024B02CA4005B83FC = {
						CreatedOnToolsVersion = 11.5;
						TestTargetID = 4F3689FD24B02C9F005B83FC;
					};
				};
			};
			buildConfigurationList = 4F3689F924B02C9F005B83FC /* Build configuration list for PBXProject "Hibiki" */;
			compatibilityVersion = "Xcode 9.3";
			developmentRegion = en;
			hasScannedForEncodings = 0;
			knownRegions = (
				en,
				Base,
			);
			mainGroup = 4F3689F524B02C9F005B83FC;
			productRefGroup = 4F3689FF24B02C9F005B83FC /* Products */;
			projectDirPath = "";
			projectRoot = "";
			targets = (
				4F3689FD24B02C9F005B83FC /* Hibiki */,
				4F368A1524B02CA4005B83FC /* HibikiTests */,
				4F368A2024B02CA4005B83FC /* HibikiUITests */,
			);
		};
/* End PBXProject section */

/* Begin PBXResourcesBuildPhase section */
		4F3689FC24B02C9F005B83FC /* Resources */ = {
			isa = PBXResourcesBuildPhase;
			buildActionMask = 2147483647;
			files = (
				4F368A1024B02CA3005B83FC /* LaunchScreen.storyboard in Resources */,
				4F368A3B24B032DB005B83FC /* Onboarding.storyboard in Resources */,
				4F368A3D24B03F07005B83FC /* GoogleService-Info.plist in Resources */,
				4F368A0D24B02CA3005B83FC /* Assets.xcassets in Resources */,
				4F368A0B24B02C9F005B83FC /* Main.storyboard in Resources */,
			);
			runOnlyForDeploymentPostprocessing = 0;
		};
		4F368A1424B02CA4005B83FC /* Resources */ = {
			isa = PBXResourcesBuildPhase;
			buildActionMask = 2147483647;
			files = (
			);
			runOnlyForDeploymentPostprocessing = 0;
		};
		4F368A1F24B02CA4005B83FC /* Resources */ = {
			isa = PBXResourcesBuildPhase;
			buildActionMask = 2147483647;
			files = (
			);
			runOnlyForDeploymentPostprocessing = 0;
		};
/* End PBXResourcesBuildPhase section */

/* Begin PBXShellScriptBuildPhase section */
		A353883A44E67BA7F100434F /* [CP] Check Pods Manifest.lock */ = {
			isa = PBXShellScriptBuildPhase;
			buildActionMask = 2147483647;
			files = (
			);
			inputFileListPaths = (
			);
			inputPaths = (
				"${PODS_PODFILE_DIR_PATH}/Podfile.lock",
				"${PODS_ROOT}/Manifest.lock",
			);
			name = "[CP] Check Pods Manifest.lock";
			outputFileListPaths = (
			);
			outputPaths = (
				"$(DERIVED_FILE_DIR)/Pods-HibikiTests-checkManifestLockResult.txt",
			);
			runOnlyForDeploymentPostprocessing = 0;
			shellPath = /bin/sh;
			shellScript = "diff \"${PODS_PODFILE_DIR_PATH}/Podfile.lock\" \"${PODS_ROOT}/Manifest.lock\" > /dev/null\nif [ $? != 0 ] ; then\n    # print error to STDERR\n    echo \"error: The sandbox is not in sync with the Podfile.lock. Run 'pod install' or update your CocoaPods installation.\" >&2\n    exit 1\nfi\n# This output is used by Xcode 'outputs' to avoid re-running this script phase.\necho \"SUCCESS\" > \"${SCRIPT_OUTPUT_FILE_0}\"\n";
			showEnvVarsInLog = 0;
		};
		E4EA371461E2DEFA1741E9AD /* [CP] Check Pods Manifest.lock */ = {
			isa = PBXShellScriptBuildPhase;
			buildActionMask = 2147483647;
			files = (
			);
			inputFileListPaths = (
			);
			inputPaths = (
				"${PODS_PODFILE_DIR_PATH}/Podfile.lock",
				"${PODS_ROOT}/Manifest.lock",
			);
			name = "[CP] Check Pods Manifest.lock";
			outputFileListPaths = (
			);
			outputPaths = (
				"$(DERIVED_FILE_DIR)/Pods-Hibiki-checkManifestLockResult.txt",
			);
			runOnlyForDeploymentPostprocessing = 0;
			shellPath = /bin/sh;
			shellScript = "diff \"${PODS_PODFILE_DIR_PATH}/Podfile.lock\" \"${PODS_ROOT}/Manifest.lock\" > /dev/null\nif [ $? != 0 ] ; then\n    # print error to STDERR\n    echo \"error: The sandbox is not in sync with the Podfile.lock. Run 'pod install' or update your CocoaPods installation.\" >&2\n    exit 1\nfi\n# This output is used by Xcode 'outputs' to avoid re-running this script phase.\necho \"SUCCESS\" > \"${SCRIPT_OUTPUT_FILE_0}\"\n";
			showEnvVarsInLog = 0;
		};
		E91306D013EA47B7DBD4B5AB /* [CP] Embed Pods Frameworks */ = {
			isa = PBXShellScriptBuildPhase;
			buildActionMask = 2147483647;
			files = (
			);
			inputFileListPaths = (
				"${PODS_ROOT}/Target Support Files/Pods-Hibiki/Pods-Hibiki-frameworks-${CONFIGURATION}-input-files.xcfilelist",
			);
			name = "[CP] Embed Pods Frameworks";
			outputFileListPaths = (
				"${PODS_ROOT}/Target Support Files/Pods-Hibiki/Pods-Hibiki-frameworks-${CONFIGURATION}-output-files.xcfilelist",
			);
			runOnlyForDeploymentPostprocessing = 0;
			shellPath = /bin/sh;
			shellScript = "\"${PODS_ROOT}/Target Support Files/Pods-Hibiki/Pods-Hibiki-frameworks.sh\"\n";
			showEnvVarsInLog = 0;
		};
		EE9F2C4378FA8ADE2DD2D4C1 /* [CP] Check Pods Manifest.lock */ = {
			isa = PBXShellScriptBuildPhase;
			buildActionMask = 2147483647;
			files = (
			);
			inputFileListPaths = (
			);
			inputPaths = (
				"${PODS_PODFILE_DIR_PATH}/Podfile.lock",
				"${PODS_ROOT}/Manifest.lock",
			);
			name = "[CP] Check Pods Manifest.lock";
			outputFileListPaths = (
			);
			outputPaths = (
				"$(DERIVED_FILE_DIR)/Pods-Hibiki-HibikiUITests-checkManifestLockResult.txt",
			);
			runOnlyForDeploymentPostprocessing = 0;
			shellPath = /bin/sh;
			shellScript = "diff \"${PODS_PODFILE_DIR_PATH}/Podfile.lock\" \"${PODS_ROOT}/Manifest.lock\" > /dev/null\nif [ $? != 0 ] ; then\n    # print error to STDERR\n    echo \"error: The sandbox is not in sync with the Podfile.lock. Run 'pod install' or update your CocoaPods installation.\" >&2\n    exit 1\nfi\n# This output is used by Xcode 'outputs' to avoid re-running this script phase.\necho \"SUCCESS\" > \"${SCRIPT_OUTPUT_FILE_0}\"\n";
			showEnvVarsInLog = 0;
		};
		F665C1208263BAC5E0E27CA5 /* [CP] Embed Pods Frameworks */ = {
			isa = PBXShellScriptBuildPhase;
			buildActionMask = 2147483647;
			files = (
			);
			inputFileListPaths = (
				"${PODS_ROOT}/Target Support Files/Pods-Hibiki-HibikiUITests/Pods-Hibiki-HibikiUITests-frameworks-${CONFIGURATION}-input-files.xcfilelist",
			);
			name = "[CP] Embed Pods Frameworks";
			outputFileListPaths = (
				"${PODS_ROOT}/Target Support Files/Pods-Hibiki-HibikiUITests/Pods-Hibiki-HibikiUITests-frameworks-${CONFIGURATION}-output-files.xcfilelist",
			);
			runOnlyForDeploymentPostprocessing = 0;
			shellPath = /bin/sh;
			shellScript = "\"${PODS_ROOT}/Target Support Files/Pods-Hibiki-HibikiUITests/Pods-Hibiki-HibikiUITests-frameworks.sh\"\n";
			showEnvVarsInLog = 0;
		};
/* End PBXShellScriptBuildPhase section */

/* Begin PBXSourcesBuildPhase section */
		4F3689FA24B02C9F005B83FC /* Sources */ = {
			isa = PBXSourcesBuildPhase;
			buildActionMask = 2147483647;
			files = (
				4F368A3724B02D9F005B83FC /* MessagesViewController.swift in Sources */,
				4F368A0824B02C9F005B83FC /* NotificationViewController.swift in Sources */,
				4F368A0624B02C9F005B83FC /* TrendsViewController.swift in Sources */,
				4F368A4024B0400F005B83FC /* Repository.swift in Sources */,
				4F368A3924B032B4005B83FC /* OnboardingViewController.swift in Sources */,
				4F368A3524B02D83005B83FC /* FeedViewController.swift in Sources */,
				4F368A0224B02C9F005B83FC /* AppDelegate.swift in Sources */,
				4F368A0424B02C9F005B83FC /* SceneDelegate.swift in Sources */,
			);
			runOnlyForDeploymentPostprocessing = 0;
		};
		4F368A1224B02CA4005B83FC /* Sources */ = {
			isa = PBXSourcesBuildPhase;
			buildActionMask = 2147483647;
			files = (
				4F368A1B24B02CA4005B83FC /* HibikiTests.swift in Sources */,
			);
			runOnlyForDeploymentPostprocessing = 0;
		};
		4F368A1D24B02CA4005B83FC /* Sources */ = {
			isa = PBXSourcesBuildPhase;
			buildActionMask = 2147483647;
			files = (
				4F368A2624B02CA4005B83FC /* HibikiUITests.swift in Sources */,
			);
			runOnlyForDeploymentPostprocessing = 0;
		};
/* End PBXSourcesBuildPhase section */

/* Begin PBXTargetDependency section */
		4F368A1824B02CA4005B83FC /* PBXTargetDependency */ = {
			isa = PBXTargetDependency;
			target = 4F3689FD24B02C9F005B83FC /* Hibiki */;
			targetProxy = 4F368A1724B02CA4005B83FC /* PBXContainerItemProxy */;
		};
		4F368A2324B02CA4005B83FC /* PBXTargetDependency */ = {
			isa = PBXTargetDependency;
			target = 4F3689FD24B02C9F005B83FC /* Hibiki */;
			targetProxy = 4F368A2224B02CA4005B83FC /* PBXContainerItemProxy */;
		};
/* End PBXTargetDependency section */

/* Begin PBXVariantGroup section */
		4F368A0924B02C9F005B83FC /* Main.storyboard */ = {
			isa = PBXVariantGroup;
			children = (
				4F368A0A24B02C9F005B83FC /* Base */,
			);
			name = Main.storyboard;
			sourceTree = "<group>";
		};
		4F368A0E24B02CA3005B83FC /* LaunchScreen.storyboard */ = {
			isa = PBXVariantGroup;
			children = (
				4F368A0F24B02CA3005B83FC /* Base */,
			);
			name = LaunchScreen.storyboard;
			sourceTree = "<group>";
		};
/* End PBXVariantGroup section */

/* Begin XCBuildConfiguration section */
		4F368A2824B02CA4005B83FC /* Debug */ = {
			isa = XCBuildConfiguration;
			buildSettings = {
				ALWAYS_SEARCH_USER_PATHS = NO;
				CLANG_ANALYZER_NONNULL = YES;
				CLANG_ANALYZER_NUMBER_OBJECT_CONVERSION = YES_AGGRESSIVE;
				CLANG_CXX_LANGUAGE_STANDARD = "gnu++14";
				CLANG_CXX_LIBRARY = "libc++";
				CLANG_ENABLE_MODULES = YES;
				CLANG_ENABLE_OBJC_ARC = YES;
				CLANG_ENABLE_OBJC_WEAK = YES;
				CLANG_WARN_BLOCK_CAPTURE_AUTORELEASING = YES;
				CLANG_WARN_BOOL_CONVERSION = YES;
				CLANG_WARN_COMMA = YES;
				CLANG_WARN_CONSTANT_CONVERSION = YES;
				CLANG_WARN_DEPRECATED_OBJC_IMPLEMENTATIONS = YES;
				CLANG_WARN_DIRECT_OBJC_ISA_USAGE = YES_ERROR;
				CLANG_WARN_DOCUMENTATION_COMMENTS = YES;
				CLANG_WARN_EMPTY_BODY = YES;
				CLANG_WARN_ENUM_CONVERSION = YES;
				CLANG_WARN_INFINITE_RECURSION = YES;
				CLANG_WARN_INT_CONVERSION = YES;
				CLANG_WARN_NON_LITERAL_NULL_CONVERSION = YES;
				CLANG_WARN_OBJC_IMPLICIT_RETAIN_SELF = YES;
				CLANG_WARN_OBJC_LITERAL_CONVERSION = YES;
				CLANG_WARN_OBJC_ROOT_CLASS = YES_ERROR;
				CLANG_WARN_RANGE_LOOP_ANALYSIS = YES;
				CLANG_WARN_STRICT_PROTOTYPES = YES;
				CLANG_WARN_SUSPICIOUS_MOVE = YES;
				CLANG_WARN_UNGUARDED_AVAILABILITY = YES_AGGRESSIVE;
				CLANG_WARN_UNREACHABLE_CODE = YES;
				CLANG_WARN__DUPLICATE_METHOD_MATCH = YES;
				COPY_PHASE_STRIP = NO;
				DEBUG_INFORMATION_FORMAT = dwarf;
				ENABLE_STRICT_OBJC_MSGSEND = YES;
				ENABLE_TESTABILITY = YES;
				GCC_C_LANGUAGE_STANDARD = gnu11;
				GCC_DYNAMIC_NO_PIC = NO;
				GCC_NO_COMMON_BLOCKS = YES;
				GCC_OPTIMIZATION_LEVEL = 0;
				GCC_PREPROCESSOR_DEFINITIONS = (
					"DEBUG=1",
					"$(inherited)",
				);
				GCC_WARN_64_TO_32_BIT_CONVERSION = YES;
				GCC_WARN_ABOUT_RETURN_TYPE = YES_ERROR;
				GCC_WARN_UNDECLARED_SELECTOR = YES;
				GCC_WARN_UNINITIALIZED_AUTOS = YES_AGGRESSIVE;
				GCC_WARN_UNUSED_FUNCTION = YES;
				GCC_WARN_UNUSED_VARIABLE = YES;
				IPHONEOS_DEPLOYMENT_TARGET = 13.5;
				MTL_ENABLE_DEBUG_INFO = INCLUDE_SOURCE;
				MTL_FAST_MATH = YES;
				ONLY_ACTIVE_ARCH = YES;
				SDKROOT = iphoneos;
				SWIFT_ACTIVE_COMPILATION_CONDITIONS = DEBUG;
				SWIFT_OPTIMIZATION_LEVEL = "-Onone";
			};
			name = Debug;
		};
		4F368A2924B02CA4005B83FC /* Release */ = {
			isa = XCBuildConfiguration;
			buildSettings = {
				ALWAYS_SEARCH_USER_PATHS = NO;
				CLANG_ANALYZER_NONNULL = YES;
				CLANG_ANALYZER_NUMBER_OBJECT_CONVERSION = YES_AGGRESSIVE;
				CLANG_CXX_LANGUAGE_STANDARD = "gnu++14";
				CLANG_CXX_LIBRARY = "libc++";
				CLANG_ENABLE_MODULES = YES;
				CLANG_ENABLE_OBJC_ARC = YES;
				CLANG_ENABLE_OBJC_WEAK = YES;
				CLANG_WARN_BLOCK_CAPTURE_AUTORELEASING = YES;
				CLANG_WARN_BOOL_CONVERSION = YES;
				CLANG_WARN_COMMA = YES;
				CLANG_WARN_CONSTANT_CONVERSION = YES;
				CLANG_WARN_DEPRECATED_OBJC_IMPLEMENTATIONS = YES;
				CLANG_WARN_DIRECT_OBJC_ISA_USAGE = YES_ERROR;
				CLANG_WARN_DOCUMENTATION_COMMENTS = YES;
				CLANG_WARN_EMPTY_BODY = YES;
				CLANG_WARN_ENUM_CONVERSION = YES;
				CLANG_WARN_INFINITE_RECURSION = YES;
				CLANG_WARN_INT_CONVERSION = YES;
				CLANG_WARN_NON_LITERAL_NULL_CONVERSION = YES;
				CLANG_WARN_OBJC_IMPLICIT_RETAIN_SELF = YES;
				CLANG_WARN_OBJC_LITERAL_CONVERSION = YES;
				CLANG_WARN_OBJC_ROOT_CLASS = YES_ERROR;
				CLANG_WARN_RANGE_LOOP_ANALYSIS = YES;
				CLANG_WARN_STRICT_PROTOTYPES = YES;
				CLANG_WARN_SUSPICIOUS_MOVE = YES;
				CLANG_WARN_UNGUARDED_AVAILABILITY = YES_AGGRESSIVE;
				CLANG_WARN_UNREACHABLE_CODE = YES;
				CLANG_WARN__DUPLICATE_METHOD_MATCH = YES;
				COPY_PHASE_STRIP = NO;
				DEBUG_INFORMATION_FORMAT = "dwarf-with-dsym";
				ENABLE_NS_ASSERTIONS = NO;
				ENABLE_STRICT_OBJC_MSGSEND = YES;
				GCC_C_LANGUAGE_STANDARD = gnu11;
				GCC_NO_COMMON_BLOCKS = YES;
				GCC_WARN_64_TO_32_BIT_CONVERSION = YES;
				GCC_WARN_ABOUT_RETURN_TYPE = YES_ERROR;
				GCC_WARN_UNDECLARED_SELECTOR = YES;
				GCC_WARN_UNINITIALIZED_AUTOS = YES_AGGRESSIVE;
				GCC_WARN_UNUSED_FUNCTION = YES;
				GCC_WARN_UNUSED_VARIABLE = YES;
				IPHONEOS_DEPLOYMENT_TARGET = 13.5;
				MTL_ENABLE_DEBUG_INFO = NO;
				MTL_FAST_MATH = YES;
				SDKROOT = iphoneos;
				SWIFT_COMPILATION_MODE = wholemodule;
				SWIFT_OPTIMIZATION_LEVEL = "-O";
				VALIDATE_PRODUCT = YES;
			};
			name = Release;
		};
		4F368A2B24B02CA4005B83FC /* Debug */ = {
			isa = XCBuildConfiguration;
			baseConfigurationReference = FAC84EA52B8E1D3878B25B26 /* Pods-Hibiki.debug.xcconfig */;
			buildSettings = {
				ASSETCATALOG_COMPILER_APPICON_NAME = AppIcon;
				CODE_SIGN_STYLE = Automatic;
				INFOPLIST_FILE = Hibiki/Info.plist;
				LD_RUNPATH_SEARCH_PATHS = (
					"$(inherited)",
					"@executable_path/Frameworks",
				);
				PRODUCT_BUNDLE_IDENTIFIER = in.surajsau.hibiki;
				PRODUCT_NAME = "$(TARGET_NAME)";
				SWIFT_VERSION = 5.0;
				TARGETED_DEVICE_FAMILY = "1,2";
			};
			name = Debug;
		};
		4F368A2C24B02CA4005B83FC /* Release */ = {
			isa = XCBuildConfiguration;
			baseConfigurationReference = E2FD2EADE0C20389129F1019 /* Pods-Hibiki.release.xcconfig */;
			buildSettings = {
				ASSETCATALOG_COMPILER_APPICON_NAME = AppIcon;
				CODE_SIGN_STYLE = Automatic;
				INFOPLIST_FILE = Hibiki/Info.plist;
				LD_RUNPATH_SEARCH_PATHS = (
					"$(inherited)",
					"@executable_path/Frameworks",
				);
				PRODUCT_BUNDLE_IDENTIFIER = in.surajsau.hibiki;
				PRODUCT_NAME = "$(TARGET_NAME)";
				SWIFT_VERSION = 5.0;
				TARGETED_DEVICE_FAMILY = "1,2";
			};
			name = Release;
		};
		4F368A2E24B02CA4005B83FC /* Debug */ = {
			isa = XCBuildConfiguration;
			baseConfigurationReference = B364E7CB9FBDBCB91CFB40D8 /* Pods-HibikiTests.debug.xcconfig */;
			buildSettings = {
				ALWAYS_EMBED_SWIFT_STANDARD_LIBRARIES = YES;
				BUNDLE_LOADER = "$(TEST_HOST)";
				CODE_SIGN_STYLE = Automatic;
				INFOPLIST_FILE = HibikiTests/Info.plist;
				IPHONEOS_DEPLOYMENT_TARGET = 13.5;
				LD_RUNPATH_SEARCH_PATHS = (
					"$(inherited)",
					"@executable_path/Frameworks",
					"@loader_path/Frameworks",
				);
				PRODUCT_BUNDLE_IDENTIFIER = in.surajsau.HibikiTests;
				PRODUCT_NAME = "$(TARGET_NAME)";
				SWIFT_VERSION = 5.0;
				TARGETED_DEVICE_FAMILY = "1,2";
				TEST_HOST = "$(BUILT_PRODUCTS_DIR)/Hibiki.app/Hibiki";
			};
			name = Debug;
		};
		4F368A2F24B02CA4005B83FC /* Release */ = {
			isa = XCBuildConfiguration;
			baseConfigurationReference = 05697C006BBF33CE0733BA62 /* Pods-HibikiTests.release.xcconfig */;
			buildSettings = {
				ALWAYS_EMBED_SWIFT_STANDARD_LIBRARIES = YES;
				BUNDLE_LOADER = "$(TEST_HOST)";
				CODE_SIGN_STYLE = Automatic;
				INFOPLIST_FILE = HibikiTests/Info.plist;
				IPHONEOS_DEPLOYMENT_TARGET = 13.5;
				LD_RUNPATH_SEARCH_PATHS = (
					"$(inherited)",
					"@executable_path/Frameworks",
					"@loader_path/Frameworks",
				);
				PRODUCT_BUNDLE_IDENTIFIER = in.surajsau.HibikiTests;
				PRODUCT_NAME = "$(TARGET_NAME)";
				SWIFT_VERSION = 5.0;
				TARGETED_DEVICE_FAMILY = "1,2";
				TEST_HOST = "$(BUILT_PRODUCTS_DIR)/Hibiki.app/Hibiki";
			};
			name = Release;
		};
		4F368A3124B02CA4005B83FC /* Debug */ = {
			isa = XCBuildConfiguration;
			baseConfigurationReference = 82F21330FBB03966B3EBDC56 /* Pods-Hibiki-HibikiUITests.debug.xcconfig */;
			buildSettings = {
				ALWAYS_EMBED_SWIFT_STANDARD_LIBRARIES = YES;
				CODE_SIGN_STYLE = Automatic;
				INFOPLIST_FILE = HibikiUITests/Info.plist;
				LD_RUNPATH_SEARCH_PATHS = (
					"$(inherited)",
					"@executable_path/Frameworks",
					"@loader_path/Frameworks",
				);
				PRODUCT_BUNDLE_IDENTIFIER = in.surajsau.HibikiUITests;
				PRODUCT_NAME = "$(TARGET_NAME)";
				SWIFT_VERSION = 5.0;
				TARGETED_DEVICE_FAMILY = "1,2";
				TEST_TARGET_NAME = Hibiki;
			};
			name = Debug;
		};
		4F368A3224B02CA4005B83FC /* Release */ = {
			isa = XCBuildConfiguration;
			baseConfigurationReference = 13C342FC812F21254488DBFF /* Pods-Hibiki-HibikiUITests.release.xcconfig */;
			buildSettings = {
				ALWAYS_EMBED_SWIFT_STANDARD_LIBRARIES = YES;
				CODE_SIGN_STYLE = Automatic;
				INFOPLIST_FILE = HibikiUITests/Info.plist;
				LD_RUNPATH_SEARCH_PATHS = (
					"$(inherited)",
					"@executable_path/Frameworks",
					"@loader_path/Frameworks",
				);
				PRODUCT_BUNDLE_IDENTIFIER = in.surajsau.HibikiUITests;
				PRODUCT_NAME = "$(TARGET_NAME)";
				SWIFT_VERSION = 5.0;
				TARGETED_DEVICE_FAMILY = "1,2";
				TEST_TARGET_NAME = Hibiki;
			};
			name = Release;
		};
/* End XCBuildConfiguration section */

/* Begin XCConfigurationList section */
		4F3689F924B02C9F005B83FC /* Build configuration list for PBXProject "Hibiki" */ = {
			isa = XCConfigurationList;
			buildConfigurations = (
				4F368A2824B02CA4005B83FC /* Debug */,
				4F368A2924B02CA4005B83FC /* Release */,
			);
			defaultConfigurationIsVisible = 0;
			defaultConfigurationName = Release;
		};
		4F368A2A24B02CA4005B83FC /* Build configuration list for PBXNativeTarget "Hibiki" */ = {
			isa = XCConfigurationList;
			buildConfigurations = (
				4F368A2B24B02CA4005B83FC /* Debug */,
				4F368A2C24B02CA4005B83FC /* Release */,
			);
			defaultConfigurationIsVisible = 0;
			defaultConfigurationName = Release;
		};
		4F368A2D24B02CA4005B83FC /* Build configuration list for PBXNativeTarget "HibikiTests" */ = {
			isa = XCConfigurationList;
			buildConfigurations = (
				4F368A2E24B02CA4005B83FC /* Debug */,
				4F368A2F24B02CA4005B83FC /* Release */,
			);
			defaultConfigurationIsVisible = 0;
			defaultConfigurationName = Release;
		};
		4F368A3024B02CA4005B83FC /* Build configuration list for PBXNativeTarget "HibikiUITests" */ = {
			isa = XCConfigurationList;
			buildConfigurations = (
				4F368A3124B02CA4005B83FC /* Debug */,
				4F368A3224B02CA4005B83FC /* Release */,
			);
			defaultConfigurationIsVisible = 0;
			defaultConfigurationName = Release;
		};
/* End XCConfigurationList section */
	};
	rootObject = 4F3689F624B02C9F005B83FC /* Project object */;
}
